
Microsoft Visual Studio Solution File, Format Version 12.00
# Visual Studio Version 17
VisualStudioVersion = 17.6.33617.297
MinimumVisualStudioVersion = 10.0.40219.1
Project("{FAE04EC0-301F-11D3-BF4B-00C04F79EFBC}") = "BulkyWeb", "BulkyWeb\BulkyWeb.csproj", "{40164B45-005B-462A-B2E4-1AB80857D5A0}"
EndProject
Global
	GlobalSection(SolutionConfigurationPlatforms) = preSolution
		Debug|Any CPU = Debug|Any CPU
		Release|Any CPU = Release|Any CPU
	EndGlobalSection
	GlobalSection(ProjectConfigurationPlatforms) = postSolution
		{40164B45-005B-462A-B2E4-1AB80857D5A0}.Debug|Any CPU.ActiveCfg = Debug|Any CPU
		{40164B45-005B-462A-B2E4-1AB80857D5A0}.Debug|Any CPU.Build.0 = Debug|Any CPU
		{40164B45-005B-462A-B2E4-1AB80857D5A0}.Release|Any CPU.ActiveCfg = Release|Any CPU
		{40164B45-005B-462A-B2E4-1AB80857D5A0}.Release|Any CPU.Build.0 = Release|Any CPU
	EndGlobalSection
	GlobalSection(SolutionProperties) = preSolution
		HideSolutionNode = FALSE
	EndGlobalSection
	GlobalSection(ExtensibilityGlobals) = postSolution
		SolutionGuid = {A0A48DEC-C0D4-47DD-934B-31875FE60818}
	EndGlobalSection
EndGlobal
